Microsoft Visual Studio Solution File, Format Version 12.00
# Visual Studio Version 17
VisualStudioVersion = 17.5.2.0
MinimumVisualStudioVersion = 10.0.40219.1
Project("{FAE04EC0-301F-11D3-BF4B-00C04F79EFBC}") = "libro_Biblioteca", "libro_Biblioteca.csproj", "{555C790A-DE7A-8B32-D796-8F1046657596}"
EndProject
Global
	GlobalSection(SolutionConfigurationPlatforms) = preSolution
		Debug|Any CPU = Debug|Any CPU
		Release|Any CPU = Release|Any CPU
	EndGlobalSection
	GlobalSection(ProjectConfigurationPlatforms) = postSolution
		{555C790A-DE7A-8B32-D796-8F1046657596}.Debug|Any CPU.ActiveCfg = Debug|Any CPU
		{555C790A-DE7A-8B32-D796-8F1046657596}.Debug|Any CPU.Build.0 = Debug|Any CPU
		{555C790A-DE7A-8B32-D796-8F1046657596}.Release|Any CPU.ActiveCfg = Release|Any CPU
		{555C790A-DE7A-8B32-D796-8F1046657596}.Release|Any CPU.Build.0 = Release|Any CPU
	EndGlobalSection
	GlobalSection(SolutionProperties) = preSolution
		HideSolutionNode = FALSE
	EndGlobalSection
	GlobalSection(ExtensibilityGlobals) = postSolution
		SolutionGuid = {26494C0E-5189-4C1A-9EF6-4BC00F4D7D08}
	EndGlobalSection
EndGlobal
